{"filter":false,"title":"Gemfile.lock","tooltip":"/testapp/Gemfile.lock","undoManager":{"mark":-1,"position":-1,"stack":[]},"ace":{"folds":[],"scrolltop":0,"scrollleft":0,"selection":{"start":{"row":0,"column":0},"end":{"row":0,"column":0},"isBackwards":false},"options":{"guessTabSize":true,"useWrapMode":false,"wrapToView":true},"firstLineState":0},"timestamp":1552283453430,"hash":"ba0ba33aa8bb7a46ea8e94b3a5564b10b1e1a0c1"}